Microsoft Visual Studio Solution File, Format Version 12.00
# Visual Studio 2012
Project("{FAE04EC0-301F-11D3-BF4B-00C04F79EFBC}") = "godot_fps_game", "godot_fps_game.csproj", "{C224108A-CD96-437D-A510-44E0CE2A9A12}"
EndProject
Global
	GlobalSection(SolutionConfigurationPlatforms) = preSolution
	Debug|Any CPU = Debug|Any CPU
	ExportDebug|Any CPU = ExportDebug|Any CPU
	ExportRelease|Any CPU = ExportRelease|Any CPU
	EndGlobalSection
	GlobalSection(ProjectConfigurationPlatforms) = postSolution
		{C224108A-CD96-437D-A510-44E0CE2A9A12}.Debug|Any CPU.ActiveCfg = Debug|Any CPU
		{C224108A-CD96-437D-A510-44E0CE2A9A12}.Debug|Any CPU.Build.0 = Debug|Any CPU
		{C224108A-CD96-437D-A510-44E0CE2A9A12}.ExportDebug|Any CPU.ActiveCfg = ExportDebug|Any CPU
		{C224108A-CD96-437D-A510-44E0CE2A9A12}.ExportDebug|Any CPU.Build.0 = ExportDebug|Any CPU
		{C224108A-CD96-437D-A510-44E0CE2A9A12}.ExportRelease|Any CPU.ActiveCfg = ExportRelease|Any CPU
		{C224108A-CD96-437D-A510-44E0CE2A9A12}.ExportRelease|Any CPU.Build.0 = ExportRelease|Any CPU
	EndGlobalSection
EndGlobal
